
Microsoft Visual Studio Solution File, Format Version 12.00
# Visual Studio Version 17
VisualStudioVersion = 17.2.32516.85
MinimumVisualStudioVersion = 10.0.40219.1
Project("{FAE04EC0-301F-11D3-BF4B-00C04F79EFBC}") = "Sema7RToapanta.Android", "Sema7RToapanta.Android\Sema7RToapanta.Android.csproj", "{B4F3E26C-DCE7-4ED4-A818-FFF9DFD48201}"
EndProject
Project("{FAE04EC0-301F-11D3-BF4B-00C04F79EFBC}") = "Sema7RToapanta.iOS", "Sema7RToapanta.iOS\Sema7RToapanta.iOS.csproj", "{ECD5666E-F0A8-4F12-B599-7E2702A03C4B}"
EndProject
Project("{FAE04EC0-301F-11D3-BF4B-00C04F79EFBC}") = "Sema7RToapanta", "Sema7RToapanta\Sema7RToapanta.csproj", "{8C9DD7AA-9B81-4F07-B448-C7C18DE79D96}"
EndProject
Global
	GlobalSection(SolutionConfigurationPlatforms) = preSolution
		Debug|Any CPU = Debug|Any CPU
		Debug|iPhone = Debug|iPhone
		Debug|iPhoneSimulator = Debug|iPhoneSimulator
		Release|Any CPU = Release|Any CPU
		Release|iPhone = Release|iPhone
		Release|iPhoneSimulator = Release|iPhoneSimulator
	EndGlobalSection
	GlobalSection(ProjectConfigurationPlatforms) = postSolution
		{B4F3E26C-DCE7-4ED4-A818-FFF9DFD48201}.Debug|Any CPU.ActiveCfg = Debug|Any CPU
		{B4F3E26C-DCE7-4ED4-A818-FFF9DFD48201}.Debug|Any CPU.Build.0 = Debug|Any CPU
		{B4F3E26C-DCE7-4ED4-A818-FFF9DFD48201}.Debug|Any CPU.Deploy.0 = Debug|Any CPU
		{B4F3E26C-DCE7-4ED4-A818-FFF9DFD48201}.Debug|iPhone.ActiveCfg = Debug|Any CPU
		{B4F3E26C-DCE7-4ED4-A818-FFF9DFD48201}.Debug|iPhone.Build.0 = Debug|Any CPU
		{B4F3E26C-DCE7-4ED4-A818-FFF9DFD48201}.Debug|iPhone.Deploy.0 = Debug|Any CPU
		{B4F3E26C-DCE7-4ED4-A818-FFF9DFD48201}.Debug|iPhoneSimulator.ActiveCfg = Debug|Any CPU
		{B4F3E26C-DCE7-4ED4-A818-FFF9DFD48201}.Debug|iPhoneSimulator.Build.0 = Debug|Any CPU
		{B4F3E26C-DCE7-4ED4-A818-FFF9DFD48201}.Debug|iPhoneSimulator.Deploy.0 = Debug|Any CPU
		{B4F3E26C-DCE7-4ED4-A818-FFF9DFD48201}.Release|Any CPU.ActiveCfg = Release|Any CPU
		{B4F3E26C-DCE7-4ED4-A818-FFF9DFD48201}.Release|Any CPU.Build.0 = Release|Any CPU
		{B4F3E26C-DCE7-4ED4-A818-FFF9DFD48201}.Release|Any CPU.Deploy.0 = Release|Any CPU
		{B4F3E26C-DCE7-4ED4-A818-FFF9DFD48201}.Release|iPhone.ActiveCfg = Release|Any CPU
		{B4F3E26C-DCE7-4ED4-A818-FFF9DFD48201}.Release|iPhone.Build.0 = Release|Any CPU
		{B4F3E26C-DCE7-4ED4-A818-FFF9DFD48201}.Release|iPhone.Deploy.0 = Release|Any CPU
		{B4F3E26C-DCE7-4ED4-A818-FFF9DFD48201}.Release|iPhoneSimulator.ActiveCfg = Release|Any CPU
		{B4F3E26C-DCE7-4ED4-A818-FFF9DFD48201}.Release|iPhoneSimulator.Build.0 = Release|Any CPU
		{B4F3E26C-DCE7-4ED4-A818-FFF9DFD48201}.Release|iPhoneSimulator.Deploy.0 = Release|Any CPU
		{ECD5666E-F0A8-4F12-B599-7E2702A03C4B}.Debug|Any CPU.ActiveCfg = Debug|iPhone
		{ECD5666E-F0A8-4F12-B599-7E2702A03C4B}.Debug|Any CPU.Build.0 = Debug|iPhone
		{ECD5666E-F0A8-4F12-B599-7E2702A03C4B}.Debug|Any CPU.Deploy.0 = Debug|iPhone
		{ECD5666E-F0A8-4F12-B599-7E2702A03C4B}.Debug|iPhone.ActiveCfg = Debug|iPhone
		{ECD5666E-F0A8-4F12-B599-7E2702A03C4B}.Debug|iPhone.Build.0 = Debug|iPhone
		{ECD5666E-F0A8-4F12-B599-7E2702A03C4B}.Debug|iPhone.Deploy.0 = Debug|iPhone
		{ECD5666E-F0A8-4F12-B599-7E2702A03C4B}.Debug|iPhoneSimulator.ActiveCfg = Debug|iPhoneSimulator
		{ECD5666E-F0A8-4F12-B599-7E2702A03C4B}.Debug|iPhoneSimulator.Build.0 = Debug|iPhoneSimulator
		{ECD5666E-F0A8-4F12-B599-7E2702A03C4B}.Debug|iPhoneSimulator.Deploy.0 = Debug|iPhoneSimulator
		{ECD5666E-F0A8-4F12-B599-7E2702A03C4B}.Release|Any CPU.ActiveCfg = Release|iPhoneSimulator
		{ECD5666E-F0A8-4F12-B599-7E2702A03C4B}.Release|Any CPU.Build.0 = Release|iPhoneSimulator
		{ECD5666E-F0A8-4F12-B599-7E2702A03C4B}.Release|Any CPU.Deploy.0 = Release|iPhoneSimulator
		{ECD5666E-F0A8-4F12-B599-7E2702A03C4B}.Release|iPhone.ActiveCfg = Release|iPhone
		{ECD5666E-F0A8-4F12-B599-7E2702A03C4B}.Release|iPhone.Build.0 = Release|iPhone
		{ECD5666E-F0A8-4F12-B599-7E2702A03C4B}.Release|iPhone.Deploy.0 = Release|iPhone
		{ECD5666E-F0A8-4F12-B599-7E2702A03C4B}.Release|iPhoneSimulator.ActiveCfg = Release|iPhoneSimulator
		{ECD5666E-F0A8-4F12-B599-7E2702A03C4B}.Release|iPhoneSimulator.Build.0 = Release|iPhoneSimulator
		{ECD5666E-F0A8-4F12-B599-7E2702A03C4B}.Release|iPhoneSimulator.Deploy.0 = Release|iPhoneSimulator
		{8C9DD7AA-9B81-4F07-B448-C7C18DE79D96}.Debug|Any CPU.ActiveCfg = Debug|Any CPU
		{8C9DD7AA-9B81-4F07-B448-C7C18DE79D96}.Debug|Any CPU.Build.0 = Debug|Any CPU
		{8C9DD7AA-9B81-4F07-B448-C7C18DE79D96}.Debug|Any CPU.Deploy.0 = Debug|Any CPU
		{8C9DD7AA-9B81-4F07-B448-C7C18DE79D96}.Debug|iPhone.ActiveCfg = Debug|Any CPU
		{8C9DD7AA-9B81-4F07-B448-C7C18DE79D96}.Debug|iPhone.Build.0 = Debug|Any CPU
		{8C9DD7AA-9B81-4F07-B448-C7C18DE79D96}.Debug|iPhone.Deploy.0 = Debug|Any CPU
		{8C9DD7AA-9B81-4F07-B448-C7C18DE79D96}.Debug|iPhoneSimulator.ActiveCfg = Debug|Any CPU
		{8C9DD7AA-9B81-4F07-B448-C7C18DE79D96}.Debug|iPhoneSimulator.Build.0 = Debug|Any CPU
		{8C9DD7AA-9B81-4F07-B448-C7C18DE79D96}.Debug|iPhoneSimulator.Deploy.0 = Debug|Any CPU
		{8C9DD7AA-9B81-4F07-B448-C7C18DE79D96}.Release|Any CPU.ActiveCfg = Release|Any CPU
		{8C9DD7AA-9B81-4F07-B448-C7C18DE79D96}.Release|Any CPU.Build.0 = Release|Any CPU
		{8C9DD7AA-9B81-4F07-B448-C7C18DE79D96}.Release|Any CPU.Deploy.0 = Release|Any CPU
		{8C9DD7AA-9B81-4F07-B448-C7C18DE79D96}.Release|iPhone.ActiveCfg = Release|Any CPU
		{8C9DD7AA-9B81-4F07-B448-C7C18DE79D96}.Release|iPhone.Build.0 = Release|Any CPU
		{8C9DD7AA-9B81-4F07-B448-C7C18DE79D96}.Release|iPhone.Deploy.0 = Release|Any CPU
		{8C9DD7AA-9B81-4F07-B448-C7C18DE79D96}.Release|iPhoneSimulator.ActiveCfg = Release|Any CPU
		{8C9DD7AA-9B81-4F07-B448-C7C18DE79D96}.Release|iPhoneSimulator.Build.0 = Release|Any CPU
		{8C9DD7AA-9B81-4F07-B448-C7C18DE79D96}.Release|iPhoneSimulator.Deploy.0 = Release|Any CPU
	EndGlobalSection
	GlobalSection(SolutionProperties) = preSolution
		HideSolutionNode = FALSE
	EndGlobalSection
	GlobalSection(ExtensibilityGlobals) = postSolution
		SolutionGuid = {7592C36A-942E-480C-A100-29CEA7B57BCE}
	EndGlobalSection
EndGlobal
